
Microsoft Visual Studio Solution File, Format Version 12.00
# Visual Studio 15
VisualStudioVersion = 15.0.27703.2047
MinimumVisualStudioVersion = 10.0.40219.1
Project("{8BC9CEB8-8B4A-11D0-8D11-00A0C91BC942}") = "Graph from links", "Graph from links\Graph from links.vcxproj", "{EC432144-8FB8-4FEF-BDF3-3E6031AA7AC5}"
EndProject
Project("{8BC9CEB8-8B4A-11D0-8D11-00A0C91BC942}") = "CustomLibrary", "CustomLibrary\CustomLibrary.vcxproj", "{3DA986AF-32C7-4815-BED7-09EFA2333351}"
EndProject
Project("{8BC9CEB8-8B4A-11D0-8D11-00A0C91BC942}") = "Eulerian Path", "Eulerian Path\Eulerian Path.vcxproj", "{05EB1CCC-3296-47B1-B5BC-73C16932F1D4}"
EndProject
Project("{8BC9CEB8-8B4A-11D0-8D11-00A0C91BC942}") = "Connected Graph", "Connected Graph\Connected Graph.vcxproj", "{6D54ECA5-876B-42DD-BB3B-84B54A5CB40D}"
EndProject
Project("{8BC9CEB8-8B4A-11D0-8D11-00A0C91BC942}") = "Dijkstra’s Algorithm", "Dijkstra’s Algorithm\Dijkstra’s Algorithm.vcxproj", "{6DAE2BF2-7BEB-4955-9E94-E92CD6D02F74}"
EndProject
Project("{8BC9CEB8-8B4A-11D0-8D11-00A0C91BC942}") = "Minimum Spanning Tree", "Minimum Spanning Tree\Minimum Spanning Tree.vcxproj", "{7E073D9B-B305-435A-B1F0-DBDE68133945}"
EndProject
Global
	GlobalSection(SolutionConfigurationPlatforms) = preSolution
		Debug|x64 = Debug|x64
		Debug|x86 = Debug|x86
		Release|x64 = Release|x64
		Release|x86 = Release|x86
	EndGlobalSection
	GlobalSection(ProjectConfigurationPlatforms) = postSolution
		{EC432144-8FB8-4FEF-BDF3-3E6031AA7AC5}.Debug|x64.ActiveCfg = Debug|x64
		{EC432144-8FB8-4FEF-BDF3-3E6031AA7AC5}.Debug|x64.Build.0 = Debug|x64
		{EC432144-8FB8-4FEF-BDF3-3E6031AA7AC5}.Debug|x86.ActiveCfg = Debug|Win32
		{EC432144-8FB8-4FEF-BDF3-3E6031AA7AC5}.Debug|x86.Build.0 = Debug|Win32
		{EC432144-8FB8-4FEF-BDF3-3E6031AA7AC5}.Release|x64.ActiveCfg = Release|x64
		{EC432144-8FB8-4FEF-BDF3-3E6031AA7AC5}.Release|x64.Build.0 = Release|x64
		{EC432144-8FB8-4FEF-BDF3-3E6031AA7AC5}.Release|x86.ActiveCfg = Release|Win32
		{EC432144-8FB8-4FEF-BDF3-3E6031AA7AC5}.Release|x86.Build.0 = Release|Win32
		{3DA986AF-32C7-4815-BED7-09EFA2333351}.Debug|x64.ActiveCfg = Debug|x64
		{3DA986AF-32C7-4815-BED7-09EFA2333351}.Debug|x64.Build.0 = Debug|x64
		{3DA986AF-32C7-4815-BED7-09EFA2333351}.Debug|x86.ActiveCfg = Debug|Win32
		{3DA986AF-32C7-4815-BED7-09EFA2333351}.Debug|x86.Build.0 = Debug|Win32
		{3DA986AF-32C7-4815-BED7-09EFA2333351}.Release|x64.ActiveCfg = Release|x64
		{3DA986AF-32C7-4815-BED7-09EFA2333351}.Release|x64.Build.0 = Release|x64
		{3DA986AF-32C7-4815-BED7-09EFA2333351}.Release|x86.ActiveCfg = Release|Win32
		{3DA986AF-32C7-4815-BED7-09EFA2333351}.Release|x86.Build.0 = Release|Win32
		{05EB1CCC-3296-47B1-B5BC-73C16932F1D4}.Debug|x64.ActiveCfg = Debug|x64
		{05EB1CCC-3296-47B1-B5BC-73C16932F1D4}.Debug|x64.Build.0 = Debug|x64
		{05EB1CCC-3296-47B1-B5BC-73C16932F1D4}.Debug|x86.ActiveCfg = Debug|Win32
		{05EB1CCC-3296-47B1-B5BC-73C16932F1D4}.Debug|x86.Build.0 = Debug|Win32
		{05EB1CCC-3296-47B1-B5BC-73C16932F1D4}.Release|x64.ActiveCfg = Release|x64
		{05EB1CCC-3296-47B1-B5BC-73C16932F1D4}.Release|x64.Build.0 = Release|x64
		{05EB1CCC-3296-47B1-B5BC-73C16932F1D4}.Release|x86.ActiveCfg = Release|Win32
		{05EB1CCC-3296-47B1-B5BC-73C16932F1D4}.Release|x86.Build.0 = Release|Win32
		{6D54ECA5-876B-42DD-BB3B-84B54A5CB40D}.Debug|x64.ActiveCfg = Debug|x64
		{6D54ECA5-876B-42DD-BB3B-84B54A5CB40D}.Debug|x64.Build.0 = Debug|x64
		{6D54ECA5-876B-42DD-BB3B-84B54A5CB40D}.Debug|x86.ActiveCfg = Debug|Win32
		{6D54ECA5-876B-42DD-BB3B-84B54A5CB40D}.Debug|x86.Build.0 = Debug|Win32
		{6D54ECA5-876B-42DD-BB3B-84B54A5CB40D}.Release|x64.ActiveCfg = Release|x64
		{6D54ECA5-876B-42DD-BB3B-84B54A5CB40D}.Release|x64.Build.0 = Release|x64
		{6D54ECA5-876B-42DD-BB3B-84B54A5CB40D}.Release|x86.ActiveCfg = Release|Win32
		{6D54ECA5-876B-42DD-BB3B-84B54A5CB40D}.Release|x86.Build.0 = Release|Win32
		{6DAE2BF2-7BEB-4955-9E94-E92CD6D02F74}.Debug|x64.ActiveCfg = Debug|x64
		{6DAE2BF2-7BEB-4955-9E94-E92CD6D02F74}.Debug|x64.Build.0 = Debug|x64
		{6DAE2BF2-7BEB-4955-9E94-E92CD6D02F74}.Debug|x86.ActiveCfg = Debug|Win32
		{6DAE2BF2-7BEB-4955-9E94-E92CD6D02F74}.Debug|x86.Build.0 = Debug|Win32
		{6DAE2BF2-7BEB-4955-9E94-E92CD6D02F74}.Release|x64.ActiveCfg = Release|x64
		{6DAE2BF2-7BEB-4955-9E94-E92CD6D02F74}.Release|x64.Build.0 = Release|x64
		{6DAE2BF2-7BEB-4955-9E94-E92CD6D02F74}.Release|x86.ActiveCfg = Release|Win32
		{6DAE2BF2-7BEB-4955-9E94-E92CD6D02F74}.Release|x86.Build.0 = Release|Win32
		{7E073D9B-B305-435A-B1F0-DBDE68133945}.Debug|x64.ActiveCfg = Debug|x64
		{7E073D9B-B305-435A-B1F0-DBDE68133945}.Debug|x64.Build.0 = Debug|x64
		{7E073D9B-B305-435A-B1F0-DBDE68133945}.Debug|x86.ActiveCfg = Debug|Win32
		{7E073D9B-B305-435A-B1F0-DBDE68133945}.Debug|x86.Build.0 = Debug|Win32
		{7E073D9B-B305-435A-B1F0-DBDE68133945}.Release|x64.ActiveCfg = Release|x64
		{7E073D9B-B305-435A-B1F0-DBDE68133945}.Release|x64.Build.0 = Release|x64
		{7E073D9B-B305-435A-B1F0-DBDE68133945}.Release|x86.ActiveCfg = Release|Win32
		{7E073D9B-B305-435A-B1F0-DBDE68133945}.Release|x86.Build.0 = Release|Win32
	EndGlobalSection
	GlobalSection(SolutionProperties) = preSolution
		HideSolutionNode = FALSE
	EndGlobalSection
	GlobalSection(ExtensibilityGlobals) = postSolution
		SolutionGuid = {D0330856-C422-40B7-ABBF-CF86B3E4D004}
	EndGlobalSection
EndGlobal
