
Microsoft Visual Studio Solution File, Format Version 12.00
# Visual Studio 15
VisualStudioVersion = 15.0.27703.2047
MinimumVisualStudioVersion = 10.0.40219.1
Project("{8BC9CEB8-8B4A-11D0-8D11-00A0C91BC942}") = "Graph from links", "Graph from links\Graph from links.vcxproj", "{EC432144-8FB8-4FEF-BDF3-3E6031AA7AC5}"
EndProject
Project("{8BC9CEB8-8B4A-11D0-8D11-00A0C91BC942}") = "CustomLibrary", "CustomLibrary\CustomLibrary.vcxproj", "{3DA986AF-32C7-4815-BED7-09EFA2333351}"
EndProject
Project("{8BC9CEB8-8B4A-11D0-8D11-00A0C91BC942}") = "Eulerian Path", "Eulerian Path\Eulerian Path.vcxproj", "{05EB1CCC-3296-47B1-B5BC-73C16932F1D4}"
EndProject
Project("{8BC9CEB8-8B4A-11D0-8D11-00A0C91BC942}") = "Connected Graph", "Connected Graph\Connected Graph.vcxproj", "{6D54ECA5-876B-42DD-BB3B-84B54A5CB40D}"
EndProject
Project("{8BC9CEB8-8B4A-11D0-8D11-00A0C91BC942}") = "Dijkstra’s Algorithm", "Dijkstra’s Algorithm\Dijkstra’s Algorithm.vcxproj", "{6DAE2BF2-7BEB-4955-9E94-E92CD6D02F74}"
EndProject
Project("{8BC9CEB8-8B4A-11D0-8D11-00A0C91BC942}") = "Minimum Spanning Tree", "Minimum Spanning Tree\Minimum Spanning Tree.vcxproj", "{7E073D9B-B305-435A-B1F0-DBDE68133945}"
EndProject
Project("{8BC9CEB8-8B4A-11D0-8D11-00A0C91BC942}") = "Inverted index", "Inverted index\Inverted index.vcxproj", "{D00744EF-F8E6-4E80-A0A1-B3487C20DB1D}"
EndProject
Project("{8BC9CEB8-8B4A-11D0-8D11-00A0C91BC942}") = "Fizz Buzz", "Fizz Buzz\Fizz Buzz.vcxproj", "{C3285435-820C-461A-8384-C3C7E22D6EF2}"
EndProject
Project("{8BC9CEB8-8B4A-11D0-8D11-00A0C91BC942}") = "Reverse a String", "Reverse a String\Reverse a String.vcxproj", "{6E526E90-C69D-49E3-B5F3-B08E4CDE2ECC}"
EndProject
Project("{8BC9CEB8-8B4A-11D0-8D11-00A0C91BC942}") = "Pig Latin", "Pig Latin\Pig Latin.vcxproj", "{CD7A2EF3-611F-4373-B13B-96F9944C301F}"
EndProject
Project("{8BC9CEB8-8B4A-11D0-8D11-00A0C91BC942}") = "Count Vowels", "Count Vowels\Count Vowels.vcxproj", "{34E512D7-800E-4C24-9EB2-0353EAD7EA8B}"
EndProject
Project("{8BC9CEB8-8B4A-11D0-8D11-00A0C91BC942}") = "Check if Palindrome", "Check if Palindrome\Check if Palindrome.vcxproj", "{613E12D8-8A9D-4717-9EA8-2EC711836AF8}"
EndProject
Project("{8BC9CEB8-8B4A-11D0-8D11-00A0C91BC942}") = "Count Words in a String", "Count Words in a String\Count Words in a String.vcxproj", "{675940F7-8928-40A4-BF95-3A3E8879C593}"
EndProject
Project("{8BC9CEB8-8B4A-11D0-8D11-00A0C91BC942}") = "Text Editor", "Text Editor\Text Editor.vcxproj", "{5A505B9D-A156-4DFB-AF99-66C7CFFF8EE0}"
EndProject
Project("{8BC9CEB8-8B4A-11D0-8D11-00A0C91BC942}") = "RSS Feed Creator", "RSS Feed Creator\RSS Feed Creator.vcxproj", "{2AE8C8D6-DE74-409C-ADB8-F8EA34FC8103}"
EndProject
Project("{8BC9CEB8-8B4A-11D0-8D11-00A0C91BC942}") = "Physics Equation", "Physics Equation\Physics Equation.vcxproj", "{82052C46-DEA2-4C9A-ABEB-6C658C1DB4A0}"
EndProject
Global
	GlobalSection(SolutionConfigurationPlatforms) = preSolution
		Debug|ARM = Debug|ARM
		Debug|x64 = Debug|x64
		Debug|x86 = Debug|x86
		Release|ARM = Release|ARM
		Release|x64 = Release|x64
		Release|x86 = Release|x86
	EndGlobalSection
	GlobalSection(ProjectConfigurationPlatforms) = postSolution
		{EC432144-8FB8-4FEF-BDF3-3E6031AA7AC5}.Debug|ARM.ActiveCfg = Debug|Win32
		{EC432144-8FB8-4FEF-BDF3-3E6031AA7AC5}.Debug|x64.ActiveCfg = Debug|x64
		{EC432144-8FB8-4FEF-BDF3-3E6031AA7AC5}.Debug|x64.Build.0 = Debug|x64
		{EC432144-8FB8-4FEF-BDF3-3E6031AA7AC5}.Debug|x86.ActiveCfg = Debug|Win32
		{EC432144-8FB8-4FEF-BDF3-3E6031AA7AC5}.Debug|x86.Build.0 = Debug|Win32
		{EC432144-8FB8-4FEF-BDF3-3E6031AA7AC5}.Release|ARM.ActiveCfg = Release|Win32
		{EC432144-8FB8-4FEF-BDF3-3E6031AA7AC5}.Release|x64.ActiveCfg = Release|x64
		{EC432144-8FB8-4FEF-BDF3-3E6031AA7AC5}.Release|x64.Build.0 = Release|x64
		{EC432144-8FB8-4FEF-BDF3-3E6031AA7AC5}.Release|x86.ActiveCfg = Release|Win32
		{EC432144-8FB8-4FEF-BDF3-3E6031AA7AC5}.Release|x86.Build.0 = Release|Win32
		{3DA986AF-32C7-4815-BED7-09EFA2333351}.Debug|ARM.ActiveCfg = Debug|Win32
		{3DA986AF-32C7-4815-BED7-09EFA2333351}.Debug|x64.ActiveCfg = Debug|x64
		{3DA986AF-32C7-4815-BED7-09EFA2333351}.Debug|x64.Build.0 = Debug|x64
		{3DA986AF-32C7-4815-BED7-09EFA2333351}.Debug|x86.ActiveCfg = Debug|Win32
		{3DA986AF-32C7-4815-BED7-09EFA2333351}.Debug|x86.Build.0 = Debug|Win32
		{3DA986AF-32C7-4815-BED7-09EFA2333351}.Release|ARM.ActiveCfg = Release|Win32
		{3DA986AF-32C7-4815-BED7-09EFA2333351}.Release|x64.ActiveCfg = Release|x64
		{3DA986AF-32C7-4815-BED7-09EFA2333351}.Release|x64.Build.0 = Release|x64
		{3DA986AF-32C7-4815-BED7-09EFA2333351}.Release|x86.ActiveCfg = Release|Win32
		{3DA986AF-32C7-4815-BED7-09EFA2333351}.Release|x86.Build.0 = Release|Win32
		{05EB1CCC-3296-47B1-B5BC-73C16932F1D4}.Debug|ARM.ActiveCfg = Debug|Win32
		{05EB1CCC-3296-47B1-B5BC-73C16932F1D4}.Debug|x64.ActiveCfg = Debug|x64
		{05EB1CCC-3296-47B1-B5BC-73C16932F1D4}.Debug|x64.Build.0 = Debug|x64
		{05EB1CCC-3296-47B1-B5BC-73C16932F1D4}.Debug|x86.ActiveCfg = Debug|Win32
		{05EB1CCC-3296-47B1-B5BC-73C16932F1D4}.Debug|x86.Build.0 = Debug|Win32
		{05EB1CCC-3296-47B1-B5BC-73C16932F1D4}.Release|ARM.ActiveCfg = Release|Win32
		{05EB1CCC-3296-47B1-B5BC-73C16932F1D4}.Release|x64.ActiveCfg = Release|x64
		{05EB1CCC-3296-47B1-B5BC-73C16932F1D4}.Release|x64.Build.0 = Release|x64
		{05EB1CCC-3296-47B1-B5BC-73C16932F1D4}.Release|x86.ActiveCfg = Release|Win32
		{05EB1CCC-3296-47B1-B5BC-73C16932F1D4}.Release|x86.Build.0 = Release|Win32
		{6D54ECA5-876B-42DD-BB3B-84B54A5CB40D}.Debug|ARM.ActiveCfg = Debug|Win32
		{6D54ECA5-876B-42DD-BB3B-84B54A5CB40D}.Debug|x64.ActiveCfg = Debug|x64
		{6D54ECA5-876B-42DD-BB3B-84B54A5CB40D}.Debug|x64.Build.0 = Debug|x64
		{6D54ECA5-876B-42DD-BB3B-84B54A5CB40D}.Debug|x86.ActiveCfg = Debug|Win32
		{6D54ECA5-876B-42DD-BB3B-84B54A5CB40D}.Debug|x86.Build.0 = Debug|Win32
		{6D54ECA5-876B-42DD-BB3B-84B54A5CB40D}.Release|ARM.ActiveCfg = Release|Win32
		{6D54ECA5-876B-42DD-BB3B-84B54A5CB40D}.Release|x64.ActiveCfg = Release|x64
		{6D54ECA5-876B-42DD-BB3B-84B54A5CB40D}.Release|x64.Build.0 = Release|x64
		{6D54ECA5-876B-42DD-BB3B-84B54A5CB40D}.Release|x86.ActiveCfg = Release|Win32
		{6D54ECA5-876B-42DD-BB3B-84B54A5CB40D}.Release|x86.Build.0 = Release|Win32
		{6DAE2BF2-7BEB-4955-9E94-E92CD6D02F74}.Debug|ARM.ActiveCfg = Debug|Win32
		{6DAE2BF2-7BEB-4955-9E94-E92CD6D02F74}.Debug|x64.ActiveCfg = Debug|x64
		{6DAE2BF2-7BEB-4955-9E94-E92CD6D02F74}.Debug|x64.Build.0 = Debug|x64
		{6DAE2BF2-7BEB-4955-9E94-E92CD6D02F74}.Debug|x86.ActiveCfg = Debug|Win32
		{6DAE2BF2-7BEB-4955-9E94-E92CD6D02F74}.Debug|x86.Build.0 = Debug|Win32
		{6DAE2BF2-7BEB-4955-9E94-E92CD6D02F74}.Release|ARM.ActiveCfg = Release|Win32
		{6DAE2BF2-7BEB-4955-9E94-E92CD6D02F74}.Release|x64.ActiveCfg = Release|x64
		{6DAE2BF2-7BEB-4955-9E94-E92CD6D02F74}.Release|x64.Build.0 = Release|x64
		{6DAE2BF2-7BEB-4955-9E94-E92CD6D02F74}.Release|x86.ActiveCfg = Release|Win32
		{6DAE2BF2-7BEB-4955-9E94-E92CD6D02F74}.Release|x86.Build.0 = Release|Win32
		{7E073D9B-B305-435A-B1F0-DBDE68133945}.Debug|ARM.ActiveCfg = Debug|Win32
		{7E073D9B-B305-435A-B1F0-DBDE68133945}.Debug|x64.ActiveCfg = Debug|x64
		{7E073D9B-B305-435A-B1F0-DBDE68133945}.Debug|x64.Build.0 = Debug|x64
		{7E073D9B-B305-435A-B1F0-DBDE68133945}.Debug|x86.ActiveCfg = Debug|Win32
		{7E073D9B-B305-435A-B1F0-DBDE68133945}.Debug|x86.Build.0 = Debug|Win32
		{7E073D9B-B305-435A-B1F0-DBDE68133945}.Release|ARM.ActiveCfg = Release|Win32
		{7E073D9B-B305-435A-B1F0-DBDE68133945}.Release|x64.ActiveCfg = Release|x64
		{7E073D9B-B305-435A-B1F0-DBDE68133945}.Release|x64.Build.0 = Release|x64
		{7E073D9B-B305-435A-B1F0-DBDE68133945}.Release|x86.ActiveCfg = Release|Win32
		{7E073D9B-B305-435A-B1F0-DBDE68133945}.Release|x86.Build.0 = Release|Win32
		{D00744EF-F8E6-4E80-A0A1-B3487C20DB1D}.Debug|ARM.ActiveCfg = Debug|Win32
		{D00744EF-F8E6-4E80-A0A1-B3487C20DB1D}.Debug|x64.ActiveCfg = Debug|x64
		{D00744EF-F8E6-4E80-A0A1-B3487C20DB1D}.Debug|x64.Build.0 = Debug|x64
		{D00744EF-F8E6-4E80-A0A1-B3487C20DB1D}.Debug|x86.ActiveCfg = Debug|Win32
		{D00744EF-F8E6-4E80-A0A1-B3487C20DB1D}.Debug|x86.Build.0 = Debug|Win32
		{D00744EF-F8E6-4E80-A0A1-B3487C20DB1D}.Release|ARM.ActiveCfg = Release|Win32
		{D00744EF-F8E6-4E80-A0A1-B3487C20DB1D}.Release|x64.ActiveCfg = Release|x64
		{D00744EF-F8E6-4E80-A0A1-B3487C20DB1D}.Release|x64.Build.0 = Release|x64
		{D00744EF-F8E6-4E80-A0A1-B3487C20DB1D}.Release|x86.ActiveCfg = Release|Win32
		{D00744EF-F8E6-4E80-A0A1-B3487C20DB1D}.Release|x86.Build.0 = Release|Win32
		{C3285435-820C-461A-8384-C3C7E22D6EF2}.Debug|ARM.ActiveCfg = Debug|Win32
		{C3285435-820C-461A-8384-C3C7E22D6EF2}.Debug|x64.ActiveCfg = Debug|x64
		{C3285435-820C-461A-8384-C3C7E22D6EF2}.Debug|x64.Build.0 = Debug|x64
		{C3285435-820C-461A-8384-C3C7E22D6EF2}.Debug|x86.ActiveCfg = Debug|Win32
		{C3285435-820C-461A-8384-C3C7E22D6EF2}.Debug|x86.Build.0 = Debug|Win32
		{C3285435-820C-461A-8384-C3C7E22D6EF2}.Release|ARM.ActiveCfg = Release|Win32
		{C3285435-820C-461A-8384-C3C7E22D6EF2}.Release|x64.ActiveCfg = Release|x64
		{C3285435-820C-461A-8384-C3C7E22D6EF2}.Release|x64.Build.0 = Release|x64
		{C3285435-820C-461A-8384-C3C7E22D6EF2}.Release|x86.ActiveCfg = Release|Win32
		{C3285435-820C-461A-8384-C3C7E22D6EF2}.Release|x86.Build.0 = Release|Win32
		{6E526E90-C69D-49E3-B5F3-B08E4CDE2ECC}.Debug|ARM.ActiveCfg = Debug|Win32
		{6E526E90-C69D-49E3-B5F3-B08E4CDE2ECC}.Debug|x64.ActiveCfg = Debug|x64
		{6E526E90-C69D-49E3-B5F3-B08E4CDE2ECC}.Debug|x64.Build.0 = Debug|x64
		{6E526E90-C69D-49E3-B5F3-B08E4CDE2ECC}.Debug|x86.ActiveCfg = Debug|Win32
		{6E526E90-C69D-49E3-B5F3-B08E4CDE2ECC}.Debug|x86.Build.0 = Debug|Win32
		{6E526E90-C69D-49E3-B5F3-B08E4CDE2ECC}.Release|ARM.ActiveCfg = Release|Win32
		{6E526E90-C69D-49E3-B5F3-B08E4CDE2ECC}.Release|x64.ActiveCfg = Release|x64
		{6E526E90-C69D-49E3-B5F3-B08E4CDE2ECC}.Release|x64.Build.0 = Release|x64
		{6E526E90-C69D-49E3-B5F3-B08E4CDE2ECC}.Release|x86.ActiveCfg = Release|Win32
		{6E526E90-C69D-49E3-B5F3-B08E4CDE2ECC}.Release|x86.Build.0 = Release|Win32
		{CD7A2EF3-611F-4373-B13B-96F9944C301F}.Debug|ARM.ActiveCfg = Debug|Win32
		{CD7A2EF3-611F-4373-B13B-96F9944C301F}.Debug|x64.ActiveCfg = Debug|x64
		{CD7A2EF3-611F-4373-B13B-96F9944C301F}.Debug|x64.Build.0 = Debug|x64
		{CD7A2EF3-611F-4373-B13B-96F9944C301F}.Debug|x86.ActiveCfg = Debug|Win32
		{CD7A2EF3-611F-4373-B13B-96F9944C301F}.Debug|x86.Build.0 = Debug|Win32
		{CD7A2EF3-611F-4373-B13B-96F9944C301F}.Release|ARM.ActiveCfg = Release|Win32
		{CD7A2EF3-611F-4373-B13B-96F9944C301F}.Release|x64.ActiveCfg = Release|x64
		{CD7A2EF3-611F-4373-B13B-96F9944C301F}.Release|x64.Build.0 = Release|x64
		{CD7A2EF3-611F-4373-B13B-96F9944C301F}.Release|x86.ActiveCfg = Release|Win32
		{CD7A2EF3-611F-4373-B13B-96F9944C301F}.Release|x86.Build.0 = Release|Win32
		{34E512D7-800E-4C24-9EB2-0353EAD7EA8B}.Debug|ARM.ActiveCfg = Debug|Win32
		{34E512D7-800E-4C24-9EB2-0353EAD7EA8B}.Debug|x64.ActiveCfg = Debug|x64
		{34E512D7-800E-4C24-9EB2-0353EAD7EA8B}.Debug|x64.Build.0 = Debug|x64
		{34E512D7-800E-4C24-9EB2-0353EAD7EA8B}.Debug|x86.ActiveCfg = Debug|Win32
		{34E512D7-800E-4C24-9EB2-0353EAD7EA8B}.Debug|x86.Build.0 = Debug|Win32
		{34E512D7-800E-4C24-9EB2-0353EAD7EA8B}.Release|ARM.ActiveCfg = Release|Win32
		{34E512D7-800E-4C24-9EB2-0353EAD7EA8B}.Release|x64.ActiveCfg = Release|x64
		{34E512D7-800E-4C24-9EB2-0353EAD7EA8B}.Release|x64.Build.0 = Release|x64
		{34E512D7-800E-4C24-9EB2-0353EAD7EA8B}.Release|x86.ActiveCfg = Release|Win32
		{34E512D7-800E-4C24-9EB2-0353EAD7EA8B}.Release|x86.Build.0 = Release|Win32
		{613E12D8-8A9D-4717-9EA8-2EC711836AF8}.Debug|ARM.ActiveCfg = Debug|Win32
		{613E12D8-8A9D-4717-9EA8-2EC711836AF8}.Debug|x64.ActiveCfg = Debug|x64
		{613E12D8-8A9D-4717-9EA8-2EC711836AF8}.Debug|x64.Build.0 = Debug|x64
		{613E12D8-8A9D-4717-9EA8-2EC711836AF8}.Debug|x86.ActiveCfg = Debug|Win32
		{613E12D8-8A9D-4717-9EA8-2EC711836AF8}.Debug|x86.Build.0 = Debug|Win32
		{613E12D8-8A9D-4717-9EA8-2EC711836AF8}.Release|ARM.ActiveCfg = Release|Win32
		{613E12D8-8A9D-4717-9EA8-2EC711836AF8}.Release|x64.ActiveCfg = Release|x64
		{613E12D8-8A9D-4717-9EA8-2EC711836AF8}.Release|x64.Build.0 = Release|x64
		{613E12D8-8A9D-4717-9EA8-2EC711836AF8}.Release|x86.ActiveCfg = Release|Win32
		{613E12D8-8A9D-4717-9EA8-2EC711836AF8}.Release|x86.Build.0 = Release|Win32
		{675940F7-8928-40A4-BF95-3A3E8879C593}.Debug|ARM.ActiveCfg = Debug|Win32
		{675940F7-8928-40A4-BF95-3A3E8879C593}.Debug|x64.ActiveCfg = Debug|x64
		{675940F7-8928-40A4-BF95-3A3E8879C593}.Debug|x64.Build.0 = Debug|x64
		{675940F7-8928-40A4-BF95-3A3E8879C593}.Debug|x86.ActiveCfg = Debug|Win32
		{675940F7-8928-40A4-BF95-3A3E8879C593}.Debug|x86.Build.0 = Debug|Win32
		{675940F7-8928-40A4-BF95-3A3E8879C593}.Release|ARM.ActiveCfg = Release|Win32
		{675940F7-8928-40A4-BF95-3A3E8879C593}.Release|x64.ActiveCfg = Release|x64
		{675940F7-8928-40A4-BF95-3A3E8879C593}.Release|x64.Build.0 = Release|x64
		{675940F7-8928-40A4-BF95-3A3E8879C593}.Release|x86.ActiveCfg = Release|Win32
		{675940F7-8928-40A4-BF95-3A3E8879C593}.Release|x86.Build.0 = Release|Win32
		{5A505B9D-A156-4DFB-AF99-66C7CFFF8EE0}.Debug|ARM.ActiveCfg = Debug|Win32
		{5A505B9D-A156-4DFB-AF99-66C7CFFF8EE0}.Debug|x64.ActiveCfg = Debug|x64
		{5A505B9D-A156-4DFB-AF99-66C7CFFF8EE0}.Debug|x64.Build.0 = Debug|x64
		{5A505B9D-A156-4DFB-AF99-66C7CFFF8EE0}.Debug|x86.ActiveCfg = Debug|Win32
		{5A505B9D-A156-4DFB-AF99-66C7CFFF8EE0}.Debug|x86.Build.0 = Debug|Win32
		{5A505B9D-A156-4DFB-AF99-66C7CFFF8EE0}.Release|ARM.ActiveCfg = Release|Win32
		{5A505B9D-A156-4DFB-AF99-66C7CFFF8EE0}.Release|x64.ActiveCfg = Release|x64
		{5A505B9D-A156-4DFB-AF99-66C7CFFF8EE0}.Release|x64.Build.0 = Release|x64
		{5A505B9D-A156-4DFB-AF99-66C7CFFF8EE0}.Release|x86.ActiveCfg = Release|Win32
		{5A505B9D-A156-4DFB-AF99-66C7CFFF8EE0}.Release|x86.Build.0 = Release|Win32
		{2AE8C8D6-DE74-409C-ADB8-F8EA34FC8103}.Debug|ARM.ActiveCfg = Debug|Win32
		{2AE8C8D6-DE74-409C-ADB8-F8EA34FC8103}.Debug|x64.ActiveCfg = Debug|x64
		{2AE8C8D6-DE74-409C-ADB8-F8EA34FC8103}.Debug|x64.Build.0 = Debug|x64
		{2AE8C8D6-DE74-409C-ADB8-F8EA34FC8103}.Debug|x86.ActiveCfg = Debug|Win32
		{2AE8C8D6-DE74-409C-ADB8-F8EA34FC8103}.Debug|x86.Build.0 = Debug|Win32
		{2AE8C8D6-DE74-409C-ADB8-F8EA34FC8103}.Release|ARM.ActiveCfg = Release|Win32
		{2AE8C8D6-DE74-409C-ADB8-F8EA34FC8103}.Release|x64.ActiveCfg = Release|x64
		{2AE8C8D6-DE74-409C-ADB8-F8EA34FC8103}.Release|x64.Build.0 = Release|x64
		{2AE8C8D6-DE74-409C-ADB8-F8EA34FC8103}.Release|x86.ActiveCfg = Release|Win32
		{2AE8C8D6-DE74-409C-ADB8-F8EA34FC8103}.Release|x86.Build.0 = Release|Win32
		{82052C46-DEA2-4C9A-ABEB-6C658C1DB4A0}.Debug|ARM.ActiveCfg = Debug|Win32
		{82052C46-DEA2-4C9A-ABEB-6C658C1DB4A0}.Debug|x64.ActiveCfg = Debug|x64
		{82052C46-DEA2-4C9A-ABEB-6C658C1DB4A0}.Debug|x64.Build.0 = Debug|x64
		{82052C46-DEA2-4C9A-ABEB-6C658C1DB4A0}.Debug|x86.ActiveCfg = Debug|Win32
		{82052C46-DEA2-4C9A-ABEB-6C658C1DB4A0}.Debug|x86.Build.0 = Debug|Win32
		{82052C46-DEA2-4C9A-ABEB-6C658C1DB4A0}.Release|ARM.ActiveCfg = Release|Win32
		{82052C46-DEA2-4C9A-ABEB-6C658C1DB4A0}.Release|x64.ActiveCfg = Release|x64
		{82052C46-DEA2-4C9A-ABEB-6C658C1DB4A0}.Release|x64.Build.0 = Release|x64
		{82052C46-DEA2-4C9A-ABEB-6C658C1DB4A0}.Release|x86.ActiveCfg = Release|Win32
		{82052C46-DEA2-4C9A-ABEB-6C658C1DB4A0}.Release|x86.Build.0 = Release|Win32
	EndGlobalSection
	GlobalSection(SolutionProperties) = preSolution
		HideSolutionNode = FALSE
	EndGlobalSection
	GlobalSection(ExtensibilityGlobals) = postSolution
		SolutionGuid = {D0330856-C422-40B7-ABBF-CF86B3E4D004}
	EndGlobalSection
EndGlobal
